
Microsoft Visual Studio Solution File, Format Version 12.00
# Visual Studio Version 16
VisualStudioVersion = 16.0.28922.388
MinimumVisualStudioVersion = 10.0.40219.1
Project("{9A19103F-16F7-4668-BE54-9A1E7A4F7556}") = "ShopWebApp", "ShopWebApp\ShopWebApp.csproj", "{645F3656-941E-4129-9330-B6B2A0075AF6}"
EndProject
Project("{FAE04EC0-301F-11D3-BF4B-00C04F79EFBC}") = "ShopWebAppTest", "ShopWebAppTest\ShopWebAppTest.csproj", "{9EA9C71C-D0B2-49DD-9BDB-D7D8DD93ED06}"
EndProject
Global
	GlobalSection(SolutionConfigurationPlatforms) = preSolution
		Debug|Any CPU = Debug|Any CPU
		Release|Any CPU = Release|Any CPU
	EndGlobalSection
	GlobalSection(ProjectConfigurationPlatforms) = postSolution
		{645F3656-941E-4129-9330-B6B2A0075AF6}.Debug|Any CPU.ActiveCfg = Debug|Any CPU
		{645F3656-941E-4129-9330-B6B2A0075AF6}.Debug|Any CPU.Build.0 = Debug|Any CPU
		{645F3656-941E-4129-9330-B6B2A0075AF6}.Release|Any CPU.ActiveCfg = Release|Any CPU
		{645F3656-941E-4129-9330-B6B2A0075AF6}.Release|Any CPU.Build.0 = Release|Any CPU
		{9EA9C71C-D0B2-49DD-9BDB-D7D8DD93ED06}.Debug|Any CPU.ActiveCfg = Debug|Any CPU
		{9EA9C71C-D0B2-49DD-9BDB-D7D8DD93ED06}.Debug|Any CPU.Build.0 = Debug|Any CPU
		{9EA9C71C-D0B2-49DD-9BDB-D7D8DD93ED06}.Release|Any CPU.ActiveCfg = Release|Any CPU
		{9EA9C71C-D0B2-49DD-9BDB-D7D8DD93ED06}.Release|Any CPU.Build.0 = Release|Any CPU
	EndGlobalSection
	GlobalSection(SolutionProperties) = preSolution
		HideSolutionNode = FALSE
	EndGlobalSection
	GlobalSection(ExtensibilityGlobals) = postSolution
		SolutionGuid = {132F5CD8-51B3-42FF-A9A6-C4F3FFE48690}
	EndGlobalSection
EndGlobal
